
Microsoft Visual Studio Solution File, Format Version 12.00
# Visual Studio Version 17
VisualStudioVersion = 17.11.35208.52
MinimumVisualStudioVersion = 10.0.40219.1
Project("{9A19103F-16F7-4668-BE54-9A1E7A4F7556}") = "W2-assignment-template", "W2-assignment-template.csproj", "{A929E9B5-1006-4391-B55C-B23DB20DFB71}"
EndProject
Global
	GlobalSection(SolutionConfigurationPlatforms) = preSolution
		Debug|Any CPU = Debug|Any CPU
		Release|Any CPU = Release|Any CPU
	EndGlobalSection
	GlobalSection(ProjectConfigurationPlatforms) = postSolution
		{A929E9B5-1006-4391-B55C-B23DB20DFB71}.Debug|Any CPU.ActiveCfg = Debug|Any CPU
		{A929E9B5-1006-4391-B55C-B23DB20DFB71}.Debug|Any CPU.Build.0 = Debug|Any CPU
		{A929E9B5-1006-4391-B55C-B23DB20DFB71}.Release|Any CPU.ActiveCfg = Release|Any CPU
		{A929E9B5-1006-4391-B55C-B23DB20DFB71}.Release|Any CPU.Build.0 = Release|Any CPU
	EndGlobalSection
	GlobalSection(SolutionProperties) = preSolution
		HideSolutionNode = FALSE
	EndGlobalSection
	GlobalSection(ExtensibilityGlobals) = postSolution
		SolutionGuid = {F16C98D9-AA09-41D8-833F-F393562A53CC}
	EndGlobalSection
EndGlobal
